lockfileVersion: 5.3

specifiers:
  '@prisma/get-platform': 2.27.0-dev.25
  esbuild: 0.12.15

devDependencies:
  '@prisma/get-platform': 2.27.0-dev.25
  esbuild: 0.12.15

packages:

  /@prisma/debug/2.27.0-dev.25:
    resolution: {integrity: sha512-+P1EPaCTxwHFTDK+lj5ZutdgZK1cLHkY1+w6I2pcDqxATNeNrALamcuPQ7R5c+yOWH4PIDf9emAsOB4aSVlY1g==}
    dependencies:
      debug: 4.3.2
      ms: 2.1.3
    transitivePeerDependencies:
      - supports-color
    dev: true

  /@prisma/get-platform/2.27.0-dev.25:
    resolution: {integrity: sha512-uWVXbtMgxpzceG/CjTD3oPTFgPWzCIUFm4EVBlM5b2t4xp5pCt1Y6bgp00m/TK9BfdK9IG4LryUPw7wlZD14CQ==}
    dependencies:
      '@prisma/debug': 2.27.0-dev.25
    transitivePeerDependencies:
      - supports-color
    dev: true

  /debug/4.3.2:
    resolution: {integrity: sha512-mOp8wKcvj7XxC78zLgw/ZA+6TSgkoE2C/ienthhRD298T7UNwAg9diBpLRxC0mOezLl4B0xV7M0cCO6P/O0Xhw==}
    engines: {node: '>=6.0'}
    peerDependencies:
      supports-color: '*'
    peerDependenciesMeta:
      supports-color:
        optional: true
    dependencies:
      ms: 2.1.2
    dev: true

  /esbuild/0.12.15:
    resolution: {integrity: sha512-72V4JNd2+48eOVCXx49xoSWHgC3/cCy96e7mbXKY+WOWghN00cCmlGnwVLRhRHorvv0dgCyuMYBZlM2xDM5OQw==}
    hasBin: true
    requiresBuild: true
    dev: true

  /ms/2.1.2:
    resolution: {integrity: sha512-sGkPx+VjMtmA6MX27oA4FBFELFCZZ4S4XqeGOXCv68tT+jb3vk/RyaKWP0PTKyWtmLSM0b+adUTEvbs1PEaH2w==}
    dev: true

  /ms/2.1.3:
    resolution: {integrity: sha512-6FlzubTLZG3J2a/NVCAleEhjzq5oxgHyaCU9yYXvcLsvoVaHJq/s5xXI6/XXP6tz7R9xAOtHnSO/tXtF3WRTlA==}
    dev: true
