lockfileVersion: 5.3

overrides:
  '@prisma/engines': ../../

specifiers:
  '@prisma/client': 2.27.0
  prisma: 2.27.0
  prisma-dl: link:../../

dependencies:
  '@prisma/client': 2.27.0_prisma@2.27.0

devDependencies:
  prisma: 2.27.0
  prisma-dl: link:../..

packages:

  /@prisma/client/2.27.0_prisma@2.27.0:
    resolution: {integrity: sha512-Sh2b1M8MGbOHbwG1FEqdWTUCrEX3p7gt2e7gpaBWou8yTIJvP1UZ4YlHgpuUcR1q4pEIR/JTZJeQk2l4iDyRBQ==}
    engines: {node: '>=12.2'}
    requiresBuild: true
    peerDependencies:
      prisma: '*'
    peerDependenciesMeta:
      prisma:
        optional: true
    dependencies:
      '@prisma/engines-version': 2.27.0-43.cdba6ec525e0213cce26f8e4bb23cf556d1479bb
      prisma: 2.27.0
    dev: false

  /@prisma/engines-version/2.27.0-43.cdba6ec525e0213cce26f8e4bb23cf556d1479bb:
    resolution: {integrity: sha512-pwOsYdzw8+cwKlUrCzasiRh96RhNuJ/QcKr0HwjxxlUWTmbEayDKjqRRz5fsUYIpSv5fW1B3SsbzHOqVtFZ6XQ==}
    dev: false

  /prisma/2.27.0:
    resolution: {integrity: sha512-/3H9C+IPlJmY5KArhfKHMpxKXqcZIBZ+LjM1b5FxvLCGQkq/mRC96SpHcKcLtiYgftNAX13nvlxg+cBw9Dbe8Q==}
    engines: {node: '>=12.2'}
    hasBin: true
    requiresBuild: true
    dependencies:
      '@prisma/engines': link:../..
    dev: true
