# THIS IS AN AUTOGENERATED FILE. DO NOT EDIT THIS FILE DIRECTLY.
# yarn lockfile v1


"@prisma/client@2.27.0":
  version "2.27.0"
  resolved "https://registry.yarnpkg.com/@prisma/client/-/client-2.27.0.tgz#17d98e64deea29063bee1778d85b5f7edeb14a26"
  integrity sha512-Sh2b1M8MGbOHbwG1FEqdWTUCrEX3p7gt2e7gpaBWou8yTIJvP1UZ4YlHgpuUcR1q4pEIR/JTZJeQk2l4iDyRBQ==
  dependencies:
    "@prisma/engines-version" "2.27.0-43.cdba6ec525e0213cce26f8e4bb23cf556d1479bb"

"@prisma/engines-version@2.27.0-43.cdba6ec525e0213cce26f8e4bb23cf556d1479bb":
  version "2.27.0-43.cdba6ec525e0213cce26f8e4bb23cf556d1479bb"
  resolved "https://registry.yarnpkg.com/@prisma/engines-version/-/engines-version-2.27.0-43.cdba6ec525e0213cce26f8e4bb23cf556d1479bb.tgz#60a34634fe26be9caca42556605a132e70810e3c"
  integrity sha512-pwOsYdzw8+cwKlUrCzasiRh96RhNuJ/QcKr0HwjxxlUWTmbEayDKjqRRz5fsUYIpSv5fW1B3SsbzHOqVtFZ6XQ==

"@prisma/engines@2.27.0-43.cdba6ec525e0213cce26f8e4bb23cf556d1479bb", "@prisma/engines@https://registry.npmjs.org/prisma-dl/-/prisma-dl-0.0.1-dev.2.tgz":
  version "0.0.1-dev.2"
  resolved "https://registry.npmjs.org/prisma-dl/-/prisma-dl-0.0.1-dev.2.tgz#183734bf37fe44187a7075dd2f3837a0b08e5f0b"

prisma-dl@0.0.1-dev.2:
  name "@prisma/engines"
  version "0.0.1-dev.2"
  resolved "https://registry.yarnpkg.com/prisma-dl/-/prisma-dl-0.0.1-dev.2.tgz#183734bf37fe44187a7075dd2f3837a0b08e5f0b"
  integrity sha512-Gq9omKxewWu1cpl86pdQNnLlJsnr/KxtwWjKfeAfCYcmGsMLEk4kiZkYYUhCjX+uO5NT7PpiHgwq1+uflmNFzw==

prisma@2.27.0:
  version "2.27.0"
  resolved "https://registry.yarnpkg.com/prisma/-/prisma-2.27.0.tgz#45fdecb9c2470c7ad602e804ffed70dfa7c46ad1"
  integrity sha512-/3H9C+IPlJmY5KArhfKHMpxKXqcZIBZ+LjM1b5FxvLCGQkq/mRC96SpHcKcLtiYgftNAX13nvlxg+cBw9Dbe8Q==
  dependencies:
    "@prisma/engines" "2.27.0-43.cdba6ec525e0213cce26f8e4bb23cf556d1479bb"
